<?xml version="1.0" encoding="utf-8"?>
<Project ToolsVersion="4.0" xmlns="http://schemas.microsoft.com/developer/msbuild/2003">
  <ItemGroup>
    <Filter Include="소스 파일">
      <UniqueIdentifier>{4FC737F1-C7A5-4376-A066-2A32D752A2FF}</UniqueIdentifier>
      <Extensions>cpp;c;cc;cxx;def;odl;idl;hpj;bat;asm;asmx</Extensions>
    </Filter>
    <Filter Include="헤더 파일">
      <UniqueIdentifier>{93995380-89BD-4b04-88EB-625FBE52EBFB}</UniqueIdentifier>
      <Extensions>h;hh;hpp;hxx;hm;inl;inc;xsd</Extensions>
    </Filter>
    <Filter Include="리소스 파일">
      <UniqueIdentifier>{67DA6AB6-F800-4c08-8B7A-83BB121AAD01}</UniqueIdentifier>
      <Extensions>rc;ico;cur;bmp;dlg;rc2;rct;bin;rgs;gif;jpg;jpeg;jpe;resx;tiff;tif;png;wav;mfcribbon-ms</Extensions>
    </Filter>
    <Filter Include="소스 파일\벽돌">
      <UniqueIdentifier>{0217ecd3-bb0b-4e3b-8850-3b6af78e82ba}</UniqueIdentifier>
    </Filter>
    <Filter Include="소스 파일\보드판">
      <UniqueIdentifier>{a0ac4bff-0826-45f0-90f6-261e80c8d319}</UniqueIdentifier>
    </Filter>
    <Filter Include="소스 파일\핸들러">
      <UniqueIdentifier>{1880cb5e-bd30-4da1-81ae-8c5c6d9ec704}</UniqueIdentifier>
    </Filter>
  </ItemGroup>
  <ItemGroup>
    <ClInclude Include="TetrisCommon.h">
      <Filter>소스 파일</Filter>
    </ClInclude>
    <ClInclude Include="CursurControl.h">
      <Filter>소스 파일</Filter>
    </ClInclude>
    <ClInclude Include="Brick.h">
      <Filter>소스 파일\벽돌</Filter>
    </ClInclude>
    <ClInclude Include="TetrisBoard.h">
      <Filter>소스 파일\보드판</Filter>
    </ClInclude>
    <ClInclude Include="GameHandler.h">
      <Filter>소스 파일\핸들러</Filter>
    </ClInclude>
  </ItemGroup>
  <ItemGroup>
    <ClCompile Include="TetrisMain.cpp">
      <Filter>소스 파일</Filter>
    </ClCompile>
    <ClCompile Include="CursurControl.cpp">
      <Filter>소스 파일</Filter>
    </ClCompile>
    <ClCompile Include="Brick.cpp">
      <Filter>소스 파일\벽돌</Filter>
    </ClCompile>
    <ClCompile Include="TetrisBoard.cpp">
      <Filter>소스 파일\보드판</Filter>
    </ClCompile>
    <ClCompile Include="GameHandler.cpp">
      <Filter>소스 파일\핸들러</Filter>
    </ClCompile>
  </ItemGroup>
</Project>